// !$*UTF8*$!
{
	archiveVersion = 1;
	classes = {
	};
	objectVersion = 46;
	objects = {

/* Begin PBXBuildFile section */
		731A35601ED775420072D53D /* AppDelegate.swift in Sources */ = {isa = PBXBuildFile; fileRef = 731A355F1ED775420072D53D /* AppDelegate.swift */; };
		731A35621ED775420072D53D /* ViewController.swift in Sources */ = {isa = PBXBuildFile; fileRef = 731A35611ED775420072D53D /* ViewController.swift */; };
		731A35651ED775420072D53D /* Main.storyboard in Resources */ = {isa = PBXBuildFile; fileRef = 731A35631ED775420072D53D /* Main.storyboard */; };
		731A35671ED775420072D53D /* Assets.xcassets in Resources */ = {isa = PBXBuildFile; fileRef = 731A35661ED775420072D53D /* Assets.xcassets */; };
		731A356A1ED775420072D53D /* LaunchScreen.storyboard in Resources */ = {isa = PBXBuildFile; fileRef = 731A35681ED775420072D53D /* LaunchScreen.storyboard */; };
/* End PBXBuildFile section */

/* Begin PBXFileReference section */
		731A355C1ED775420072D53D /* TextFieldPlay.app */ = {isa = PBXFileReference; explicitFileType = wrapper.application; includeInIndex = 0; path = TextFieldPlay.app; sourceTree = BUILT_PRODUCTS_DIR; };
		731A355F1ED775420072D53D /* AppDelegate.swift */ = {isa = PBXFileReference; lastKnownFileType = sourcecode.swift; path = AppDelegate.swift; sourceTree = "<group>"; };
		731A35611ED775420072D53D /* ViewController.swift */ = {isa = PBXFileReference; lastKnownFileType = sourcecode.swift; path = ViewController.swift; sourceTree = "<group>"; };
		731A35641ED775420072D53D /* Base */ = {isa = PBXFileReference; lastKnownFileType = file.storyboard; name = Base; path = Base.lproj/Main.storyboard; sourceTree = "<group>"; };
		731A35661ED775420072D53D /* Assets.xcassets */ = {isa = PBXFileReference; lastKnownFileType = folder.assetcatalog; path = Assets.xcassets; sourceTree = "<group>"; };
		731A35691ED775420072D53D /* Base */ = {isa = PBXFileReference; lastKnownFileType = file.storyboard; name = Base; path = Base.lproj/LaunchScreen.storyboard; sourceTree = "<group>"; };
		731A356B1ED775420072D53D /* Info.plist */ = {isa = PBXFileReference; lastKnownFileType = text.plist.xml; path = Info.plist; sourceTree = "<group>"; };
/* End PBXFileReference section */

/* Begin PBXFrameworksBuildPhase section */
		731A35591ED775420072D53D /* Frameworks */ = {
			isa = PBXFrameworksBuildPhase;
			buildActionMask = 2147483647;
			files = (
			);
			runOnlyForDeploymentPostprocessing = 0;
		};
/* End PBXFrameworksBuildPhase section */

/* Begin PBXGroup section */
		731A35531ED775420072D53D = {
			isa = PBXGroup;
			children = (
				731A355E1ED775420072D53D /* TextFieldPlay */,
				731A355D1ED775420072D53D /* Products */,
			);
			sourceTree = "<group>";
		};
		731A355D1ED775420072D53D /* Products */ = {
			isa = PBXGroup;
			children = (
				731A355C1ED775420072D53D /* TextFieldPlay.app */,
			);
			name = Products;
			sourceTree = "<group>";
		};
		731A355E1ED775420072D53D /* TextFieldPlay */ = {
			isa = PBXGroup;
			children = (
				731A355F1ED775420072D53D /* AppDelegate.swift */,
				731A35611ED775420072D53D /* ViewController.swift */,
				731A35631ED775420072D53D /* Main.storyboard */,
				731A35661ED775420072D53D /* Assets.xcassets */,
				731A35681ED775420072D53D /* LaunchScreen.storyboard */,
				731A356B1ED775420072D53D /* Info.plist */,
			);
			path = TextFieldPlay;
			sourceTree = "<group>";
		};
/* End PBXGroup section */

/* Begin PBXNativeTarget section */
		731A355B1ED775420072D53D /* TextFieldPlay */ = {
			isa = PBXNativeTarget;
			buildConfigurationList = 731A356E1ED775420072D53D /* Build configuration list for PBXNativeTarget "TextFieldPlay" */;
			buildPhases = (
				731A35581ED775420072D53D /* Sources */,
				731A35591ED775420072D53D /* Frameworks */,
				731A355A1ED775420072D53D /* Resources */,
			);
			buildRules = (
			);
			dependencies = (
			);
			name = TextFieldPlay;
			productName = TextFieldPlay;
			productReference = 731A355C1ED775420072D53D /* TextFieldPlay.app */;
			productType = "com.apple.product-type.application";
		};
/* End PBXNativeTarget section */

/* Begin PBXProject section */
		731A35541ED775420072D53D /* Project object */ = {
			isa = PBXProject;
			attributes = {
				LastSwiftUpdateCheck = 0830;
				LastUpgradeCheck = 0830;
				ORGANIZATIONNAME = "Josh McDonald";
				TargetAttributes = {
					731A355B1ED775420072D53D = {
						CreatedOnToolsVersion = 8.3.2;
						DevelopmentTeam = 2W8248YE2M;
						ProvisioningStyle = Automatic;
					};
				};
			};
			buildConfigurationList = 731A35571ED775420072D53D /* Build configuration list for PBXProject "TextFieldPlay" */;
			compatibilityVersion = "Xcode 3.2";
			developmentRegion = English;
			hasScannedForEncodings = 0;
			knownRegions = (
				en,
				Base,
			);
			mainGroup = 731A35531ED775420072D53D;
			productRefGroup = 731A355D1ED775420072D53D /* Products */;
			projectDirPath = "";
			projectRoot = "";
			targets = (
				731A355B1ED775420072D53D /* TextFieldPlay */,
			);
		};
/* End PBXProject section */

/* Begin PBXResourcesBuildPhase section */
		731A355A1ED775420072D53D /* Resources */ = {
			isa = PBXResourcesBuildPhase;
			buildActionMask = 2147483647;
			files = (
				731A356A1ED775420072D53D /* LaunchScreen.storyboard in Resources */,
				731A35671ED775420072D53D /* Assets.xcassets in Resources */,
				731A35651ED775420072D53D /* Main.storyboard in Resources */,
			);
			runOnlyForDeploymentPostprocessing = 0;
		};
/* End PBXResourcesBuildPhase section */

/* Begin PBXSourcesBuildPhase section */
		731A35581ED775420072D53D /* Sources */ = {
			isa = PBXSourcesBuildPhase;
			buildActionMask = 2147483647;
			files = (
				731A35621ED775420072D53D /* ViewController.swift in Sources */,
				731A35601ED775420072D53D /* AppDelegate.swift in Sources */,
			);
			runOnlyForDeploymentPostprocessing = 0;
		};
/* End PBXSourcesBuildPhase section */

/* Begin PBXVariantGroup section */
		731A35631ED775420072D53D /* Main.storyboard */ = {
			isa = PBXVariantGroup;
			children = (
				731A35641ED775420072D53D /* Base */,
			);
			name = Main.storyboard;
			sourceTree = "<group>";
		};
		731A35681ED775420072D53D /* LaunchScreen.storyboard */ = {
			isa = PBXVariantGroup;
			children = (
				731A35691ED775420072D53D /* Base */,
			);
			name = LaunchScreen.storyboard;
			sourceTree = "<group>";
		};
/* End PBXVariantGroup section */

/* Begin XCBuildConfiguration section */
		731A356C1ED775420072D53D /* Debug */ = {
			isa = XCBuildConfiguration;
			buildSettings = {
				ALWAYS_SEARCH_USER_PATHS = NO;
				CLANG_ANALYZER_NONNULL = YES;
				CLANG_ANALYZER_NUMBER_OBJECT_CONVERSION = YES_AGGRESSIVE;
				CLANG_CXX_LANGUAGE_STANDARD = "gnu++0x";
				CLANG_CXX_LIBRARY = "libc++";
				CLANG_ENABLE_MODULES = YES;
				CLANG_ENABLE_OBJC_ARC = YES;
				CLANG_WARN_BOOL_CONVERSION = YES;
				CLANG_WARN_CONSTANT_CONVERSION = YES;
				CLANG_WARN_DIRECT_OBJC_ISA_USAGE = YES_ERROR;
				CLANG_WARN_DOCUMENTATION_COMMENTS = YES;
				CLANG_WARN_EMPTY_BODY = YES;
				CLANG_WARN_ENUM_CONVERSION = YES;
				CLANG_WARN_INFINITE_RECURSION = YES;
				CLANG_WARN_INT_CONVERSION = YES;
				CLANG_WARN_OBJC_ROOT_CLASS = YES_ERROR;
				CLANG_WARN_SUSPICIOUS_MOVE = YES;
				CLANG_WARN_UNREACHABLE_CODE = YES;
				CLANG_WARN__DUPLICATE_METHOD_MATCH = YES;
				"CODE_SIGN_IDENTITY[sdk=iphoneos*]" = "iPhone Developer";
				COPY_PHASE_STRIP = NO;
				DEBUG_INFORMATION_FORMAT = dwarf;
				ENABLE_STRICT_OBJC_MSGSEND = YES;
				ENABLE_TESTABILITY = YES;
				GCC_C_LANGUAGE_STANDARD = gnu99;
				GCC_DYNAMIC_NO_PIC = NO;
				GCC_NO_COMMON_BLOCKS = YES;
				GCC_OPTIMIZATION_LEVEL = 0;
				GCC_PREPROCESSOR_DEFINITIONS = (
					"DEBUG=1",
					"$(inherited)",
				);
				GCC_WARN_64_TO_32_BIT_CONVERSION = YES;
				GCC_WARN_ABOUT_RETURN_TYPE = YES_ERROR;
				GCC_WARN_UNDECLARED_SELECTOR = YES;
				GCC_WARN_UNINITIALIZED_AUTOS = YES_AGGRESSIVE;
				GCC_WARN_UNUSED_FUNCTION = YES;
				GCC_WARN_UNUSED_VARIABLE = YES;
				IPHONEOS_DEPLOYMENT_TARGET = 10.3;
				MTL_ENABLE_DEBUG_INFO = YES;
				ONLY_ACTIVE_ARCH = YES;
				SDKROOT = iphoneos;
				SWIFT_ACTIVE_COMPILATION_CONDITIONS = DEBUG;
				SWIFT_OPTIMIZATION_LEVEL = "-Onone";
			};
			name = Debug;
		};
		731A356D1ED775420072D53D /* Release */ = {
			isa = XCBuildConfiguration;
			buildSettings = {
				ALWAYS_SEARCH_USER_PATHS = NO;
				CLANG_ANALYZER_NONNULL = YES;
				CLANG_ANALYZER_NUMBER_OBJECT_CONVERSION = YES_AGGRESSIVE;
				CLANG_CXX_LANGUAGE_STANDARD = "gnu++0x";
				CLANG_CXX_LIBRARY = "libc++";
				CLANG_ENABLE_MODULES = YES;
				CLANG_ENABLE_OBJC_ARC = YES;
				CLANG_WARN_BOOL_CONVERSION = YES;
				CLANG_WARN_CONSTANT_CONVERSION = YES;
				CLANG_WARN_DIRECT_OBJC_ISA_USAGE = YES_ERROR;
				CLANG_WARN_DOCUMENTATION_COMMENTS = YES;
				CLANG_WARN_EMPTY_BODY = YES;
				CLANG_WARN_ENUM_CONVERSION = YES;
				CLANG_WARN_INFINITE_RECURSION = YES;
				CLANG_WARN_INT_CONVERSION = YES;
				CLANG_WARN_OBJC_ROOT_CLASS = YES_ERROR;
				CLANG_WARN_SUSPICIOUS_MOVE = YES;
				CLANG_WARN_UNREACHABLE_CODE = YES;
				CLANG_WARN__DUPLICATE_METHOD_MATCH = YES;
				"CODE_SIGN_IDENTITY[sdk=iphoneos*]" = "iPhone Developer";
				COPY_PHASE_STRIP = NO;
				DEBUG_INFORMATION_FORMAT = "dwarf-with-dsym";
				ENABLE_NS_ASSERTIONS = NO;
				ENABLE_STRICT_OBJC_MSGSEND = YES;
				GCC_C_LANGUAGE_STANDARD = gnu99;
				GCC_NO_COMMON_BLOCKS = YES;
				GCC_WARN_64_TO_32_BIT_CONVERSION = YES;
				GCC_WARN_ABOUT_RETURN_TYPE = YES_ERROR;
				GCC_WARN_UNDECLARED_SELECTOR = YES;
				GCC_WARN_UNINITIALIZED_AUTOS = YES_AGGRESSIVE;
				GCC_WARN_UNUSED_FUNCTION = YES;
				GCC_WARN_UNUSED_VARIABLE = YES;
				IPHONEOS_DEPLOYMENT_TARGET = 10.3;
				MTL_ENABLE_DEBUG_INFO = NO;
				SDKROOT = iphoneos;
				SWIFT_OPTIMIZATION_LEVEL = "-Owholemodule";
				VALIDATE_PRODUCT = YES;
			};
			name = Release;
		};
		731A356F1ED775420072D53D /* Debug */ = {
			isa = XCBuildConfiguration;
			buildSettings = {
				ASSETCATALOG_COMPILER_APPICON_NAME = AppIcon;
				DEVELOPMENT_TEAM = 2W8248YE2M;
				INFOPLIST_FILE = TextFieldPlay/Info.plist;
				LD_RUNPATH_SEARCH_PATHS = "$(inherited) @executable_path/Frameworks";
				PRODUCT_BUNDLE_IDENTIFIER = com.example.TextFieldPlay;
				PRODUCT_NAME = "$(TARGET_NAME)";
				SWIFT_VERSION = 3.0;
			};
			name = Debug;
		};
		731A35701ED775420072D53D /* Release */ = {
			isa = XCBuildConfiguration;
			buildSettings = {
				ASSETCATALOG_COMPILER_APPICON_NAME = AppIcon;
				DEVELOPMENT_TEAM = 2W8248YE2M;
				INFOPLIST_FILE = TextFieldPlay/Info.plist;
				LD_RUNPATH_SEARCH_PATHS = "$(inherited) @executable_path/Frameworks";
				PRODUCT_BUNDLE_IDENTIFIER = com.example.TextFieldPlay;
				PRODUCT_NAME = "$(TARGET_NAME)";
				SWIFT_VERSION = 3.0;
			};
			name = Release;
		};
/* End XCBuildConfiguration section */

/* Begin XCConfigurationList section */
		731A35571ED775420072D53D /* Build configuration list for PBXProject "TextFieldPlay" */ = {
			isa = XCConfigurationList;
			buildConfigurations = (
				731A356C1ED775420072D53D /* Debug */,
				731A356D1ED775420072D53D /* Release */,
			);
			defaultConfigurationIsVisible = 0;
			defaultConfigurationName = Release;
		};
		731A356E1ED775420072D53D /* Build configuration list for PBXNativeTarget "TextFieldPlay" */ = {
			isa = XCConfigurationList;
			buildConfigurations = (
				731A356F1ED775420072D53D /* Debug */,
				731A35701ED775420072D53D /* Release */,
			);
			defaultConfigurationIsVisible = 0;
		};
/* End XCConfigurationList section */
	};
	rootObject = 731A35541ED775420072D53D /* Project object */;
}
